# THIS IS AN AUTOGENERATED FILE. DO NOT EDIT THIS FILE DIRECTLY.
# yarn lockfile v1
react-native-blur:
  version "1.1.2"
  resolved "https://registry.yarnpkg.com/react-native-blur/-/react-native-blur-1.1.2.tgz#1cf0bb83579ee83f938e32429af846812bcf3eee"

react-native-scrollable-mixin@^1.0.1:
  version "1.0.1"
  resolved "https://registry.yarnpkg.com/react-native-scrollable-mixin/-/react-native-scrollable-mixin-1.0.1.tgz#34a32167b64248594154fd0d6a8b03f22740548e"

